
Microsoft Visual Studio Solution File, Format Version 12.00
# Visual Studio Version 17
VisualStudioVersion = 17.14.37012.4
MinimumVisualStudioVersion = 10.0.40219.1
Project("{FAE04EC0-301F-11D3-BF4B-00C04F79EFBC}") = "SIGEBI", "SIGEBI\SIGEBI.csproj", "{071AB2A0-F09E-4EEF-99E8-CEB97586EF72}"
EndProject
Project("{2150E333-8FDC-42A3-9474-1A3956D46DE8}") = "Test", "Test", "{0C88DD14-F956-CE84-757C-A364CCF449FC}"
EndProject
Project("{FAE04EC0-301F-11D3-BF4B-00C04F79EFBC}") = "SIGEBI.Persistence.Test", "Test\SIGEBI.Persistence.Test\SIGEBI.Persistence.Test.csproj", "{1E6A2558-E1B5-4283-9B75-953942A58CB3}"
EndProject
Project("{2150E333-8FDC-42A3-9474-1A3956D46DE8}") = "IOC", "IOC", "{F82EFB15-BB14-9D47-D4F3-7B8032CB2006}"
EndProject
Project("{FAE04EC0-301F-11D3-BF4B-00C04F79EFBC}") = "SIGEBI.IOC", "IOC\SIGEBI.IOC\SIGEBI.IOC.csproj", "{282670EE-B44A-439D-9B07-9CAD0416287D}"
EndProject
Project("{2150E333-8FDC-42A3-9474-1A3956D46DE8}") = "Infrastructure", "Infrastructure", "{DFEE68D8-A7D0-1A41-506C-9B74AA9A7B7B}"
EndProject
Project("{FAE04EC0-301F-11D3-BF4B-00C04F79EFBC}") = "SIGEBI.Persistence", "Infrastructure\SIGEBI.Persistence\SIGEBI.Persistence.csproj", "{AC6DB6F9-3F00-4EED-9C0C-46BDE93B5246}"
EndProject
Project("{FAE04EC0-301F-11D3-BF4B-00C04F79EFBC}") = "SIGEBI.Infrastructure", "Infrastructure\SIGEBI.Infrastructure\SIGEBI.Infrastructure.csproj", "{796EB418-D7C8-4EF6-88D3-30D31BA4BD57}"
EndProject
Project("{2150E333-8FDC-42A3-9474-1A3956D46DE8}") = "Core", "Core", "{FBF56CC3-7AE6-AD2D-3F14-7F97FD322CD6}"
EndProject
Project("{FAE04EC0-301F-11D3-BF4B-00C04F79EFBC}") = "SIGEBI.Model", "Core\SIGEBI.Model\SIGEBI.Model.csproj", "{54423921-8237-4311-8F64-441AE28AD729}"
EndProject
Project("{FAE04EC0-301F-11D3-BF4B-00C04F79EFBC}") = "SIGEBI.Domain", "Core\SIGEBI.Domain\SIGEBI.Domain.csproj", "{516E9392-5884-4320-A188-80C628A0022D}"
EndProject
Project("{2150E333-8FDC-42A3-9474-1A3956D46DE8}") = "Application", "Application", "{A74F262E-BDE7-D5D2-89E9-785413424D0A}"
EndProject
Project("{FAE04EC0-301F-11D3-BF4B-00C04F79EFBC}") = "SIGEBI.Application", "Application\SIGEBI.Application\SIGEBI.Application.csproj", "{190DD126-50E7-4105-AD02-79C03B943597}"
EndProject
Project("{2150E333-8FDC-42A3-9474-1A3956D46DE8}") = "API", "API", "{D82C56D6-B2CD-F611-9E31-04638F7EC30E}"
EndProject
Project("{FAE04EC0-301F-11D3-BF4B-00C04F79EFBC}") = "SIGEBI.Api", "API\SIGEBI.Api\SIGEBI.Api.csproj", "{56E743C0-48E2-4E84-9D50-D034BDBFF7E3}"
EndProject
Global
	GlobalSection(SolutionConfigurationPlatforms) = preSolution
		Debug|Any CPU = Debug|Any CPU
		Debug|x64 = Debug|x64
		Debug|x86 = Debug|x86
		Release|Any CPU = Release|Any CPU
		Release|x64 = Release|x64
		Release|x86 = Release|x86
	EndGlobalSection
	GlobalSection(ProjectConfigurationPlatforms) = postSolution
		{071AB2A0-F09E-4EEF-99E8-CEB97586EF72}.Debug|Any CPU.ActiveCfg = Debug|Any CPU
		{071AB2A0-F09E-4EEF-99E8-CEB97586EF72}.Debug|Any CPU.Build.0 = Debug|Any CPU
		{071AB2A0-F09E-4EEF-99E8-CEB97586EF72}.Debug|x64.ActiveCfg = Debug|Any CPU
		{071AB2A0-F09E-4EEF-99E8-CEB97586EF72}.Debug|x64.Build.0 = Debug|Any CPU
		{071AB2A0-F09E-4EEF-99E8-CEB97586EF72}.Debug|x86.ActiveCfg = Debug|Any CPU
		{071AB2A0-F09E-4EEF-99E8-CEB97586EF72}.Debug|x86.Build.0 = Debug|Any CPU
		{071AB2A0-F09E-4EEF-99E8-CEB97586EF72}.Release|Any CPU.ActiveCfg = Release|Any CPU
		{071AB2A0-F09E-4EEF-99E8-CEB97586EF72}.Release|Any CPU.Build.0 = Release|Any CPU
		{071AB2A0-F09E-4EEF-99E8-CEB97586EF72}.Release|x64.ActiveCfg = Release|Any CPU
		{071AB2A0-F09E-4EEF-99E8-CEB97586EF72}.Release|x64.Build.0 = Release|Any CPU
		{071AB2A0-F09E-4EEF-99E8-CEB97586EF72}.Release|x86.ActiveCfg = Release|Any CPU
		{071AB2A0-F09E-4EEF-99E8-CEB97586EF72}.Release|x86.Build.0 = Release|Any CPU
		{1E6A2558-E1B5-4283-9B75-953942A58CB3}.Debug|Any CPU.ActiveCfg = Debug|Any CPU
		{1E6A2558-E1B5-4283-9B75-953942A58CB3}.Debug|Any CPU.Build.0 = Debug|Any CPU
		{1E6A2558-E1B5-4283-9B75-953942A58CB3}.Debug|x64.ActiveCfg = Debug|Any CPU
		{1E6A2558-E1B5-4283-9B75-953942A58CB3}.Debug|x64.Build.0 = Debug|Any CPU
		{1E6A2558-E1B5-4283-9B75-953942A58CB3}.Debug|x86.ActiveCfg = Debug|Any CPU
		{1E6A2558-E1B5-4283-9B75-953942A58CB3}.Debug|x86.Build.0 = Debug|Any CPU
		{1E6A2558-E1B5-4283-9B75-953942A58CB3}.Release|Any CPU.ActiveCfg = Release|Any CPU
		{1E6A2558-E1B5-4283-9B75-953942A58CB3}.Release|Any CPU.Build.0 = Release|Any CPU
		{1E6A2558-E1B5-4283-9B75-953942A58CB3}.Release|x64.ActiveCfg = Release|Any CPU
		{1E6A2558-E1B5-4283-9B75-953942A58CB3}.Release|x64.Build.0 = Release|Any CPU
		{1E6A2558-E1B5-4283-9B75-953942A58CB3}.Release|x86.ActiveCfg = Release|Any CPU
		{1E6A2558-E1B5-4283-9B75-953942A58CB3}.Release|x86.Build.0 = Release|Any CPU
		{282670EE-B44A-439D-9B07-9CAD0416287D}.Debug|Any CPU.ActiveCfg = Debug|Any CPU
		{282670EE-B44A-439D-9B07-9CAD0416287D}.Debug|Any CPU.Build.0 = Debug|Any CPU
		{282670EE-B44A-439D-9B07-9CAD0416287D}.Debug|x64.ActiveCfg = Debug|Any CPU
		{282670EE-B44A-439D-9B07-9CAD0416287D}.Debug|x64.Build.0 = Debug|Any CPU
		{282670EE-B44A-439D-9B07-9CAD0416287D}.Debug|x86.ActiveCfg = Debug|Any CPU
		{282670EE-B44A-439D-9B07-9CAD0416287D}.Debug|x86.Build.0 = Debug|Any CPU
		{282670EE-B44A-439D-9B07-9CAD0416287D}.Release|Any CPU.ActiveCfg = Release|Any CPU
		{282670EE-B44A-439D-9B07-9CAD0416287D}.Release|Any CPU.Build.0 = Release|Any CPU
		{282670EE-B44A-439D-9B07-9CAD0416287D}.Release|x64.ActiveCfg = Release|Any CPU
		{282670EE-B44A-439D-9B07-9CAD0416287D}.Release|x64.Build.0 = Release|Any CPU
		{282670EE-B44A-439D-9B07-9CAD0416287D}.Release|x86.ActiveCfg = Release|Any CPU
		{282670EE-B44A-439D-9B07-9CAD0416287D}.Release|x86.Build.0 = Release|Any CPU
		{AC6DB6F9-3F00-4EED-9C0C-46BDE93B5246}.Debug|Any CPU.ActiveCfg = Debug|Any CPU
		{AC6DB6F9-3F00-4EED-9C0C-46BDE93B5246}.Debug|Any CPU.Build.0 = Debug|Any CPU
		{AC6DB6F9-3F00-4EED-9C0C-46BDE93B5246}.Debug|x64.ActiveCfg = Debug|Any CPU
		{AC6DB6F9-3F00-4EED-9C0C-46BDE93B5246}.Debug|x64.Build.0 = Debug|Any CPU
		{AC6DB6F9-3F00-4EED-9C0C-46BDE93B5246}.Debug|x86.ActiveCfg = Debug|Any CPU
		{AC6DB6F9-3F00-4EED-9C0C-46BDE93B5246}.Debug|x86.Build.0 = Debug|Any CPU
		{AC6DB6F9-3F00-4EED-9C0C-46BDE93B5246}.Release|Any CPU.ActiveCfg = Release|Any CPU
		{AC6DB6F9-3F00-4EED-9C0C-46BDE93B5246}.Release|Any CPU.Build.0 = Release|Any CPU
		{AC6DB6F9-3F00-4EED-9C0C-46BDE93B5246}.Release|x64.ActiveCfg = Release|Any CPU
		{AC6DB6F9-3F00-4EED-9C0C-46BDE93B5246}.Release|x64.Build.0 = Release|Any CPU
		{AC6DB6F9-3F00-4EED-9C0C-46BDE93B5246}.Release|x86.ActiveCfg = Release|Any CPU
		{AC6DB6F9-3F00-4EED-9C0C-46BDE93B5246}.Release|x86.Build.0 = Release|Any CPU
		{796EB418-D7C8-4EF6-88D3-30D31BA4BD57}.Debug|Any CPU.ActiveCfg = Debug|Any CPU
		{796EB418-D7C8-4EF6-88D3-30D31BA4BD57}.Debug|Any CPU.Build.0 = Debug|Any CPU
		{796EB418-D7C8-4EF6-88D3-30D31BA4BD57}.Debug|x64.ActiveCfg = Debug|Any CPU
		{796EB418-D7C8-4EF6-88D3-30D31BA4BD57}.Debug|x64.Build.0 = Debug|Any CPU
		{796EB418-D7C8-4EF6-88D3-30D31BA4BD57}.Debug|x86.ActiveCfg = Debug|Any CPU
		{796EB418-D7C8-4EF6-88D3-30D31BA4BD57}.Debug|x86.Build.0 = Debug|Any CPU
		{796EB418-D7C8-4EF6-88D3-30D31BA4BD57}.Release|Any CPU.ActiveCfg = Release|Any CPU
		{796EB418-D7C8-4EF6-88D3-30D31BA4BD57}.Release|Any CPU.Build.0 = Release|Any CPU
		{796EB418-D7C8-4EF6-88D3-30D31BA4BD57}.Release|x64.ActiveCfg = Release|Any CPU
		{796EB418-D7C8-4EF6-88D3-30D31BA4BD57}.Release|x64.Build.0 = Release|Any CPU
		{796EB418-D7C8-4EF6-88D3-30D31BA4BD57}.Release|x86.ActiveCfg = Release|Any CPU
		{796EB418-D7C8-4EF6-88D3-30D31BA4BD57}.Release|x86.Build.0 = Release|Any CPU
		{54423921-8237-4311-8F64-441AE28AD729}.Debug|Any CPU.ActiveCfg = Debug|Any CPU
		{54423921-8237-4311-8F64-441AE28AD729}.Debug|Any CPU.Build.0 = Debug|Any CPU
		{54423921-8237-4311-8F64-441AE28AD729}.Debug|x64.ActiveCfg = Debug|Any CPU
		{54423921-8237-4311-8F64-441AE28AD729}.Debug|x64.Build.0 = Debug|Any CPU
		{54423921-8237-4311-8F64-441AE28AD729}.Debug|x86.ActiveCfg = Debug|Any CPU
		{54423921-8237-4311-8F64-441AE28AD729}.Debug|x86.Build.0 = Debug|Any CPU
		{54423921-8237-4311-8F64-441AE28AD729}.Release|Any CPU.ActiveCfg = Release|Any CPU
		{54423921-8237-4311-8F64-441AE28AD729}.Release|Any CPU.Build.0 = Release|Any CPU
		{54423921-8237-4311-8F64-441AE28AD729}.Release|x64.ActiveCfg = Release|Any CPU
		{54423921-8237-4311-8F64-441AE28AD729}.Release|x64.Build.0 = Release|Any CPU
		{54423921-8237-4311-8F64-441AE28AD729}.Release|x86.ActiveCfg = Release|Any CPU
		{54423921-8237-4311-8F64-441AE28AD729}.Release|x86.Build.0 = Release|Any CPU
		{516E9392-5884-4320-A188-80C628A0022D}.Debug|Any CPU.ActiveCfg = Debug|Any CPU
		{516E9392-5884-4320-A188-80C628A0022D}.Debug|Any CPU.Build.0 = Debug|Any CPU
		{516E9392-5884-4320-A188-80C628A0022D}.Debug|x64.ActiveCfg = Debug|Any CPU
		{516E9392-5884-4320-A188-80C628A0022D}.Debug|x64.Build.0 = Debug|Any CPU
		{516E9392-5884-4320-A188-80C628A0022D}.Debug|x86.ActiveCfg = Debug|Any CPU
		{516E9392-5884-4320-A188-80C628A0022D}.Debug|x86.Build.0 = Debug|Any CPU
		{516E9392-5884-4320-A188-80C628A0022D}.Release|Any CPU.ActiveCfg = Release|Any CPU
		{516E9392-5884-4320-A188-80C628A0022D}.Release|Any CPU.Build.0 = Release|Any CPU
		{516E9392-5884-4320-A188-80C628A0022D}.Release|x64.ActiveCfg = Release|Any CPU
		{516E9392-5884-4320-A188-80C628A0022D}.Release|x64.Build.0 = Release|Any CPU
		{516E9392-5884-4320-A188-80C628A0022D}.Release|x86.ActiveCfg = Release|Any CPU
		{516E9392-5884-4320-A188-80C628A0022D}.Release|x86.Build.0 = Release|Any CPU
		{190DD126-50E7-4105-AD02-79C03B943597}.Debug|Any CPU.ActiveCfg = Debug|Any CPU
		{190DD126-50E7-4105-AD02-79C03B943597}.Debug|Any CPU.Build.0 = Debug|Any CPU
		{190DD126-50E7-4105-AD02-79C03B943597}.Debug|x64.ActiveCfg = Debug|Any CPU
		{190DD126-50E7-4105-AD02-79C03B943597}.Debug|x64.Build.0 = Debug|Any CPU
		{190DD126-50E7-4105-AD02-79C03B943597}.Debug|x86.ActiveCfg = Debug|Any CPU
		{190DD126-50E7-4105-AD02-79C03B943597}.Debug|x86.Build.0 = Debug|Any CPU
		{190DD126-50E7-4105-AD02-79C03B943597}.Release|Any CPU.ActiveCfg = Release|Any CPU
		{190DD126-50E7-4105-AD02-79C03B943597}.Release|Any CPU.Build.0 = Release|Any CPU
		{190DD126-50E7-4105-AD02-79C03B943597}.Release|x64.ActiveCfg = Release|Any CPU
		{190DD126-50E7-4105-AD02-79C03B943597}.Release|x64.Build.0 = Release|Any CPU
		{190DD126-50E7-4105-AD02-79C03B943597}.Release|x86.ActiveCfg = Release|Any CPU
		{190DD126-50E7-4105-AD02-79C03B943597}.Release|x86.Build.0 = Release|Any CPU
		{56E743C0-48E2-4E84-9D50-D034BDBFF7E3}.Debug|Any CPU.ActiveCfg = Debug|Any CPU
		{56E743C0-48E2-4E84-9D50-D034BDBFF7E3}.Debug|Any CPU.Build.0 = Debug|Any CPU
		{56E743C0-48E2-4E84-9D50-D034BDBFF7E3}.Debug|x64.ActiveCfg = Debug|Any CPU
		{56E743C0-48E2-4E84-9D50-D034BDBFF7E3}.Debug|x64.Build.0 = Debug|Any CPU
		{56E743C0-48E2-4E84-9D50-D034BDBFF7E3}.Debug|x86.ActiveCfg = Debug|Any CPU
		{56E743C0-48E2-4E84-9D50-D034BDBFF7E3}.Debug|x86.Build.0 = Debug|Any CPU
		{56E743C0-48E2-4E84-9D50-D034BDBFF7E3}.Release|Any CPU.ActiveCfg = Release|Any CPU
		{56E743C0-48E2-4E84-9D50-D034BDBFF7E3}.Release|Any CPU.Build.0 = Release|Any CPU
		{56E743C0-48E2-4E84-9D50-D034BDBFF7E3}.Release|x64.ActiveCfg = Release|Any CPU
		{56E743C0-48E2-4E84-9D50-D034BDBFF7E3}.Release|x64.Build.0 = Release|Any CPU
		{56E743C0-48E2-4E84-9D50-D034BDBFF7E3}.Release|x86.ActiveCfg = Release|Any CPU
		{56E743C0-48E2-4E84-9D50-D034BDBFF7E3}.Release|x86.Build.0 = Release|Any CPU
	EndGlobalSection
	GlobalSection(SolutionProperties) = preSolution
		HideSolutionNode = FALSE
	EndGlobalSection
	GlobalSection(NestedProjects) = preSolution
		{1E6A2558-E1B5-4283-9B75-953942A58CB3} = {0C88DD14-F956-CE84-757C-A364CCF449FC}
		{282670EE-B44A-439D-9B07-9CAD0416287D} = {F82EFB15-BB14-9D47-D4F3-7B8032CB2006}
		{AC6DB6F9-3F00-4EED-9C0C-46BDE93B5246} = {DFEE68D8-A7D0-1A41-506C-9B74AA9A7B7B}
		{796EB418-D7C8-4EF6-88D3-30D31BA4BD57} = {DFEE68D8-A7D0-1A41-506C-9B74AA9A7B7B}
		{54423921-8237-4311-8F64-441AE28AD729} = {FBF56CC3-7AE6-AD2D-3F14-7F97FD322CD6}
		{516E9392-5884-4320-A188-80C628A0022D} = {FBF56CC3-7AE6-AD2D-3F14-7F97FD322CD6}
		{190DD126-50E7-4105-AD02-79C03B943597} = {A74F262E-BDE7-D5D2-89E9-785413424D0A}
		{56E743C0-48E2-4E84-9D50-D034BDBFF7E3} = {D82C56D6-B2CD-F611-9E31-04638F7EC30E}
	EndGlobalSection
	GlobalSection(ExtensibilityGlobals) = postSolution
		SolutionGuid = {610460ED-D1E4-436A-BEAF-87536D971A26}
	EndGlobalSection
EndGlobal
